
Microsoft Visual Studio Solution File, Format Version 12.00
# Visual Studio 14
VisualStudioVersion = 14.0.25420.1
MinimumVisualStudioVersion = 10.0.40219.1
Project("{FAE04EC0-301F-11D3-BF4B-00C04F79EFBC}") = "ModulesSample", "src\ModulesSample\ModulesSample.csproj", "{B478988F-7275-4282-86B1-D61DD9F2DF7E}"
EndProject
Project("{FAE04EC0-301F-11D3-BF4B-00C04F79EFBC}") = "LolTinyLoader", "src\LolTinyLoader\LolTinyLoader.csproj", "{C40A92F5-C121-4B7E-8DC3-98DD99CBDFCD}"
EndProject
Project("{FAE04EC0-301F-11D3-BF4B-00C04F79EFBC}") = "Tests", "src\Tests\Tests.csproj", "{7C837F0B-8487-41B4-A6FA-F8908BBA899E}"
EndProject
Project("{2150E333-8FDC-42A3-9474-1A3956D46DE8}") = "src", "src", "{13FDEE8E-CF82-49CD-A56E-F66920C95D15}"
EndProject
Project("{2150E333-8FDC-42A3-9474-1A3956D46DE8}") = "Solution Items", "Solution Items", "{52F5C76D-D1FD-4F26-83E7-479E13928667}"
	ProjectSection(SolutionItems) = preProject
		gulpfile.js = gulpfile.js
		package.json = package.json
		README.md = README.md
	EndProjectSection
EndProject
Global
	GlobalSection(SolutionConfigurationPlatforms) = preSolution
		Debug|Any CPU = Debug|Any CPU
	EndGlobalSection
	GlobalSection(ProjectConfigurationPlatforms) = postSolution
		{B478988F-7275-4282-86B1-D61DD9F2DF7E}.Debug|Any CPU.ActiveCfg = Debug|Any CPU
		{B478988F-7275-4282-86B1-D61DD9F2DF7E}.Debug|Any CPU.Build.0 = Debug|Any CPU
		{C40A92F5-C121-4B7E-8DC3-98DD99CBDFCD}.Debug|Any CPU.ActiveCfg = Debug|Any CPU
		{C40A92F5-C121-4B7E-8DC3-98DD99CBDFCD}.Debug|Any CPU.Build.0 = Debug|Any CPU
		{7C837F0B-8487-41B4-A6FA-F8908BBA899E}.Debug|Any CPU.ActiveCfg = Debug|Any CPU
		{7C837F0B-8487-41B4-A6FA-F8908BBA899E}.Debug|Any CPU.Build.0 = Debug|Any CPU
	EndGlobalSection
	GlobalSection(SolutionProperties) = preSolution
		HideSolutionNode = FALSE
	EndGlobalSection
	GlobalSection(NestedProjects) = preSolution
		{B478988F-7275-4282-86B1-D61DD9F2DF7E} = {13FDEE8E-CF82-49CD-A56E-F66920C95D15}
		{C40A92F5-C121-4B7E-8DC3-98DD99CBDFCD} = {13FDEE8E-CF82-49CD-A56E-F66920C95D15}
		{7C837F0B-8487-41B4-A6FA-F8908BBA899E} = {13FDEE8E-CF82-49CD-A56E-F66920C95D15}
	EndGlobalSection
EndGlobal
